
Microsoft Visual Studio Solution File, Format Version 12.00
# Visual Studio Version 17
VisualStudioVersion = 17.11.35103.136
MinimumVisualStudioVersion = 10.0.40219.1
Project("{9A19103F-16F7-4668-BE54-9A1E7A4F7556}") = "Domain", "src\Domain\Domain.csproj", "{6327FD11-E3A3-4727-8284-7FE309A73CB4}"
EndProject
Project("{2150E333-8FDC-42A3-9474-1A3956D46DE8}") = "src", "src", "{603FD540-BAC9-4610-9A33-0008EB79345B}"
EndProject
Project("{9A19103F-16F7-4668-BE54-9A1E7A4F7556}") = "Application", "src\Application\Application.csproj", "{03B88A70-64CE-43C6-8C57-C2CC0442B60C}"
EndProject
Project("{9A19103F-16F7-4668-BE54-9A1E7A4F7556}") = "Presentation", "src\Presentation\Presentation.csproj", "{33EA339A-9302-45E3-BE40-E0FF9AB11743}"
EndProject
Project("{9A19103F-16F7-4668-BE54-9A1E7A4F7556}") = "Infrastructure.SQLite", "src\Infrastructure.SQLite\Infrastructure.SQLite.csproj", "{F5DC00E2-D34B-4C76-A3E6-19C9BE09E857}"
EndProject
Project("{2150E333-8FDC-42A3-9474-1A3956D46DE8}") = "dev", "dev", "{C3D8C6B0-B778-4DF8-A401-BEDFF29CEDDF}"
EndProject
Project("{9A19103F-16F7-4668-BE54-9A1E7A4F7556}") = "_build", "dev\build\_build.csproj", "{AEF83A34-FE25-446A-85EF-B127B5F0C31B}"
EndProject
Project("{2150E333-8FDC-42A3-9474-1A3956D46DE8}") = "Solution Items", "Solution Items", "{9A2579AA-D720-4C45-87EE-AD06D3D7DE33}"
	ProjectSection(SolutionItems) = preProject
		installerTemplate.ps1 = installerTemplate.ps1
		README.md = README.md
		uninstallerTemplate.ps1 = uninstallerTemplate.ps1
	EndProjectSection
EndProject
Global
	GlobalSection(SolutionConfigurationPlatforms) = preSolution
		Debug|Any CPU = Debug|Any CPU
		Release|Any CPU = Release|Any CPU
	EndGlobalSection
	GlobalSection(ProjectConfigurationPlatforms) = postSolution
		{6327FD11-E3A3-4727-8284-7FE309A73CB4}.Debug|Any CPU.ActiveCfg = Debug|Any CPU
		{6327FD11-E3A3-4727-8284-7FE309A73CB4}.Debug|Any CPU.Build.0 = Debug|Any CPU
		{6327FD11-E3A3-4727-8284-7FE309A73CB4}.Release|Any CPU.ActiveCfg = Release|Any CPU
		{6327FD11-E3A3-4727-8284-7FE309A73CB4}.Release|Any CPU.Build.0 = Release|Any CPU
		{03B88A70-64CE-43C6-8C57-C2CC0442B60C}.Debug|Any CPU.ActiveCfg = Debug|Any CPU
		{03B88A70-64CE-43C6-8C57-C2CC0442B60C}.Debug|Any CPU.Build.0 = Debug|Any CPU
		{03B88A70-64CE-43C6-8C57-C2CC0442B60C}.Release|Any CPU.ActiveCfg = Release|Any CPU
		{03B88A70-64CE-43C6-8C57-C2CC0442B60C}.Release|Any CPU.Build.0 = Release|Any CPU
		{33EA339A-9302-45E3-BE40-E0FF9AB11743}.Debug|Any CPU.ActiveCfg = Debug|Any CPU
		{33EA339A-9302-45E3-BE40-E0FF9AB11743}.Debug|Any CPU.Build.0 = Debug|Any CPU
		{33EA339A-9302-45E3-BE40-E0FF9AB11743}.Release|Any CPU.ActiveCfg = Release|Any CPU
		{33EA339A-9302-45E3-BE40-E0FF9AB11743}.Release|Any CPU.Build.0 = Release|Any CPU
		{F5DC00E2-D34B-4C76-A3E6-19C9BE09E857}.Debug|Any CPU.ActiveCfg = Debug|Any CPU
		{F5DC00E2-D34B-4C76-A3E6-19C9BE09E857}.Debug|Any CPU.Build.0 = Debug|Any CPU
		{F5DC00E2-D34B-4C76-A3E6-19C9BE09E857}.Release|Any CPU.ActiveCfg = Release|Any CPU
		{F5DC00E2-D34B-4C76-A3E6-19C9BE09E857}.Release|Any CPU.Build.0 = Release|Any CPU
		{AEF83A34-FE25-446A-85EF-B127B5F0C31B}.Debug|Any CPU.ActiveCfg = Debug|Any CPU
		{AEF83A34-FE25-446A-85EF-B127B5F0C31B}.Debug|Any CPU.Build.0 = Debug|Any CPU
		{AEF83A34-FE25-446A-85EF-B127B5F0C31B}.Release|Any CPU.ActiveCfg = Release|Any CPU
		{AEF83A34-FE25-446A-85EF-B127B5F0C31B}.Release|Any CPU.Build.0 = Release|Any CPU
	EndGlobalSection
	GlobalSection(SolutionProperties) = preSolution
		HideSolutionNode = FALSE
	EndGlobalSection
	GlobalSection(NestedProjects) = preSolution
		{6327FD11-E3A3-4727-8284-7FE309A73CB4} = {603FD540-BAC9-4610-9A33-0008EB79345B}
		{03B88A70-64CE-43C6-8C57-C2CC0442B60C} = {603FD540-BAC9-4610-9A33-0008EB79345B}
		{33EA339A-9302-45E3-BE40-E0FF9AB11743} = {603FD540-BAC9-4610-9A33-0008EB79345B}
		{F5DC00E2-D34B-4C76-A3E6-19C9BE09E857} = {603FD540-BAC9-4610-9A33-0008EB79345B}
		{AEF83A34-FE25-446A-85EF-B127B5F0C31B} = {C3D8C6B0-B778-4DF8-A401-BEDFF29CEDDF}
	EndGlobalSection
	GlobalSection(ExtensibilityGlobals) = postSolution
		SolutionGuid = {255838A7-886E-4E93-8BC0-50CFD7559CB8}
	EndGlobalSection
EndGlobal
